
Microsoft Visual Studio Solution File, Format Version 12.00
# Visual Studio Version 16
VisualStudioVersion = 16.0.30517.126
MinimumVisualStudioVersion = 10.0.40219.1
Project("{FAE04EC0-301F-11D3-BF4B-00C04F79EFBC}") = "WhatsAppDotNet", "WhatsAppDotNet\WhatsAppDotNet.csproj", "{B1C10D36-3A50-43AE-B3A7-6159CEE870E2}"
EndProject
Project("{9A19103F-16F7-4668-BE54-9A1E7A4F7556}") = "WhatsAppLib", "WhatsAppLib\WhatsAppLib.csproj", "{283C0154-F70B-42CE-804E-C2DEE96E7CF7}"
EndProject
Global
	GlobalSection(SolutionConfigurationPlatforms) = preSolution
		Debug|Any CPU = Debug|Any CPU
		Release|Any CPU = Release|Any CPU
	EndGlobalSection
	GlobalSection(ProjectConfigurationPlatforms) = postSolution
		{B1C10D36-3A50-43AE-B3A7-6159CEE870E2}.Debug|Any CPU.ActiveCfg = Debug|Any CPU
		{B1C10D36-3A50-43AE-B3A7-6159CEE870E2}.Debug|Any CPU.Build.0 = Debug|Any CPU
		{B1C10D36-3A50-43AE-B3A7-6159CEE870E2}.Release|Any CPU.ActiveCfg = Release|Any CPU
		{B1C10D36-3A50-43AE-B3A7-6159CEE870E2}.Release|Any CPU.Build.0 = Release|Any CPU
		{283C0154-F70B-42CE-804E-C2DEE96E7CF7}.Debug|Any CPU.ActiveCfg = Debug|Any CPU
		{283C0154-F70B-42CE-804E-C2DEE96E7CF7}.Debug|Any CPU.Build.0 = Debug|Any CPU
		{283C0154-F70B-42CE-804E-C2DEE96E7CF7}.Release|Any CPU.ActiveCfg = Release|Any CPU
		{283C0154-F70B-42CE-804E-C2DEE96E7CF7}.Release|Any CPU.Build.0 = Release|Any CPU
	EndGlobalSection
	GlobalSection(SolutionProperties) = preSolution
		HideSolutionNode = FALSE
	EndGlobalSection
	GlobalSection(ExtensibilityGlobals) = postSolution
		SolutionGuid = {10072B6B-FBF1-45FF-A50D-0A2BFD84ABF1}
	EndGlobalSection
EndGlobal
